
Microsoft Visual Studio Solution File, Format Version 12.00
# Visual Studio Version 17
VisualStudioVersion = 17.14.36408.4
MinimumVisualStudioVersion = 10.0.40219.1
Project("{FAE04EC0-301F-11D3-BF4B-00C04F79EFBC}") = "ModrenDentalClinic", "ModrenDentalClinic.csproj", "{AD23C9E8-3631-42CA-B80B-A14D873F5B86}"
EndProject
Project("{FAE04EC0-301F-11D3-BF4B-00C04F79EFBC}") = "DataAccessLayer", "..\DataAccessLayer\DataAccessLayer.csproj", "{261AF848-1EBE-499A-A585-49FF4C55F01C}"
EndProject
Project("{FAE04EC0-301F-11D3-BF4B-00C04F79EFBC}") = "BusinessLogicLayer", "..\BusinessLogicLayer\BusinessLogicLayer.csproj", "{6028F092-86A2-4127-9268-9B5A3E1BF2B8}"
EndProject
Global
	GlobalSection(SolutionConfigurationPlatforms) = preSolution
		Debug|Any CPU = Debug|Any CPU
		Release|Any CPU = Release|Any CPU
	EndGlobalSection
	GlobalSection(ProjectConfigurationPlatforms) = postSolution
		{AD23C9E8-3631-42CA-B80B-A14D873F5B86}.Debug|Any CPU.ActiveCfg = Debug|Any CPU
		{AD23C9E8-3631-42CA-B80B-A14D873F5B86}.Debug|Any CPU.Build.0 = Debug|Any CPU
		{AD23C9E8-3631-42CA-B80B-A14D873F5B86}.Release|Any CPU.ActiveCfg = Release|Any CPU
		{AD23C9E8-3631-42CA-B80B-A14D873F5B86}.Release|Any CPU.Build.0 = Release|Any CPU
		{261AF848-1EBE-499A-A585-49FF4C55F01C}.Debug|Any CPU.ActiveCfg = Debug|Any CPU
		{261AF848-1EBE-499A-A585-49FF4C55F01C}.Debug|Any CPU.Build.0 = Debug|Any CPU
		{261AF848-1EBE-499A-A585-49FF4C55F01C}.Release|Any CPU.ActiveCfg = Release|Any CPU
		{261AF848-1EBE-499A-A585-49FF4C55F01C}.Release|Any CPU.Build.0 = Release|Any CPU
		{6028F092-86A2-4127-9268-9B5A3E1BF2B8}.Debug|Any CPU.ActiveCfg = Debug|Any CPU
		{6028F092-86A2-4127-9268-9B5A3E1BF2B8}.Debug|Any CPU.Build.0 = Debug|Any CPU
		{6028F092-86A2-4127-9268-9B5A3E1BF2B8}.Release|Any CPU.ActiveCfg = Release|Any CPU
		{6028F092-86A2-4127-9268-9B5A3E1BF2B8}.Release|Any CPU.Build.0 = Release|Any CPU
	EndGlobalSection
	GlobalSection(SolutionProperties) = preSolution
		HideSolutionNode = FALSE
	EndGlobalSection
	GlobalSection(ExtensibilityGlobals) = postSolution
		SolutionGuid = {486A37A0-62FB-4C48-AD8E-1E76FEA4AFA8}
	EndGlobalSection
EndGlobal
